
Microsoft Visual Studio Solution File, Format Version 12.00
# Visual Studio Version 17
VisualStudioVersion = 17.8.34330.188
MinimumVisualStudioVersion = 10.0.40219.1
Project("{FAE04EC0-301F-11D3-BF4B-00C04F79EFBC}") = "WinForm_Ollama_Copilot", "WinForm_Ollama_Copilot.csproj", "{A918E1F2-2BB1-4595-9D42-BF1129CAD189}"
EndProject
Project("{54435603-DBB4-11D2-8724-00A0C9A8B90C}") = "OllamaCopilotSetup", "OllamaCopilotSetup\OllamaCopilotSetup.vdproj", "{E6282597-5CBA-421E-BBCF-13C9EB0CA1C0}"
EndProject
Global
	GlobalSection(SolutionConfigurationPlatforms) = preSolution
		Debug|Any CPU = Debug|Any CPU
		Release|Any CPU = Release|Any CPU
	EndGlobalSection
	GlobalSection(ProjectConfigurationPlatforms) = postSolution
		{A918E1F2-2BB1-4595-9D42-BF1129CAD189}.Debug|Any CPU.ActiveCfg = Debug|Any CPU
		{A918E1F2-2BB1-4595-9D42-BF1129CAD189}.Debug|Any CPU.Build.0 = Debug|Any CPU
		{A918E1F2-2BB1-4595-9D42-BF1129CAD189}.Release|Any CPU.ActiveCfg = Release|Any CPU
		{A918E1F2-2BB1-4595-9D42-BF1129CAD189}.Release|Any CPU.Build.0 = Release|Any CPU
		{E6282597-5CBA-421E-BBCF-13C9EB0CA1C0}.Debug|Any CPU.ActiveCfg = Debug
		{E6282597-5CBA-421E-BBCF-13C9EB0CA1C0}.Release|Any CPU.ActiveCfg = Release
	EndGlobalSection
	GlobalSection(SolutionProperties) = preSolution
		HideSolutionNode = FALSE
	EndGlobalSection
	GlobalSection(ExtensibilityGlobals) = postSolution
		SolutionGuid = {BD1D956D-CB22-41EF-A43A-7605DB7A804D}
	EndGlobalSection
EndGlobal
